
Microsoft Visual Studio Solution File, Format Version 12.00
# Visual Studio Version 16
VisualStudioVersion = 16.0.31624.102
MinimumVisualStudioVersion = 10.0.40219.1
Project("{FAE04EC0-301F-11D3-BF4B-00C04F79EFBC}") = "Calculator", "Calculator\Calculator.csproj", "{B5A88B99-4B8E-4FD2-B392-1DA50E0D1D3D}"
EndProject
Global
	GlobalSection(SolutionConfigurationPlatforms) = preSolution
		Debug|Any CPU = Debug|Any CPU
		Release|Any CPU = Release|Any CPU
	EndGlobalSection
	GlobalSection(ProjectConfigurationPlatforms) = postSolution
		{B5A88B99-4B8E-4FD2-B392-1DA50E0D1D3D}.Debug|Any CPU.ActiveCfg = Debug|Any CPU
		{B5A88B99-4B8E-4FD2-B392-1DA50E0D1D3D}.Debug|Any CPU.Build.0 = Debug|Any CPU
		{B5A88B99-4B8E-4FD2-B392-1DA50E0D1D3D}.Release|Any CPU.ActiveCfg = Release|Any CPU
		{B5A88B99-4B8E-4FD2-B392-1DA50E0D1D3D}.Release|Any CPU.Build.0 = Release|Any CPU
	EndGlobalSection
	GlobalSection(SolutionProperties) = preSolution
		HideSolutionNode = FALSE
	EndGlobalSection
	GlobalSection(ExtensibilityGlobals) = postSolution
		SolutionGuid = {4AA6D18D-009D-4C6C-97EA-87E88E4A188B}
	EndGlobalSection
EndGlobal
